
Microsoft Visual Studio Solution File, Format Version 12.00
# Visual Studio Version 16
VisualStudioVersion = 16.0.28407.52
MinimumVisualStudioVersion = 10.0.40219.1
Project("{9A19103F-16F7-4668-BE54-9A1E7A4F7556}") = "GameManager", "GameManager\GameManager.csproj", "{EE53FE4B-7515-4B71-A165-F4CE793AF474}"
	ProjectSection(ProjectDependencies) = postProject
		{55BA9516-F928-4C1A-99D1-1B026DDBE4A7} = {55BA9516-F928-4C1A-99D1-1B026DDBE4A7}
	EndProjectSection
EndProject
Project("{9A19103F-16F7-4668-BE54-9A1E7A4F7556}") = "EventManager", "EventManager\EventManager.csproj", "{9AF194CA-3891-445D-9EA2-9ECCCD28BACB}"
	ProjectSection(ProjectDependencies) = postProject
		{55BA9516-F928-4C1A-99D1-1B026DDBE4A7} = {55BA9516-F928-4C1A-99D1-1B026DDBE4A7}
	EndProjectSection
EndProject
Project("{9A19103F-16F7-4668-BE54-9A1E7A4F7556}") = "BotManager", "BotManager\BotManager.csproj", "{55BA9516-F928-4C1A-99D1-1B026DDBE4A7}"
EndProject
Project("{FAE04EC0-301F-11D3-BF4B-00C04F79EFBC}") = "Test", "ConsoleApp1\Test.csproj", "{C935B83B-E237-444B-A1BC-536B0FB7958E}"
EndProject
Global
	GlobalSection(SolutionConfigurationPlatforms) = preSolution
		Debug|Any CPU = Debug|Any CPU
		Release|Any CPU = Release|Any CPU
	EndGlobalSection
	GlobalSection(ProjectConfigurationPlatforms) = postSolution
		{EE53FE4B-7515-4B71-A165-F4CE793AF474}.Debug|Any CPU.ActiveCfg = Debug|Any CPU
		{EE53FE4B-7515-4B71-A165-F4CE793AF474}.Debug|Any CPU.Build.0 = Debug|Any CPU
		{EE53FE4B-7515-4B71-A165-F4CE793AF474}.Release|Any CPU.ActiveCfg = Release|Any CPU
		{EE53FE4B-7515-4B71-A165-F4CE793AF474}.Release|Any CPU.Build.0 = Release|Any CPU
		{9AF194CA-3891-445D-9EA2-9ECCCD28BACB}.Debug|Any CPU.ActiveCfg = Debug|Any CPU
		{9AF194CA-3891-445D-9EA2-9ECCCD28BACB}.Debug|Any CPU.Build.0 = Debug|Any CPU
		{9AF194CA-3891-445D-9EA2-9ECCCD28BACB}.Release|Any CPU.ActiveCfg = Release|Any CPU
		{9AF194CA-3891-445D-9EA2-9ECCCD28BACB}.Release|Any CPU.Build.0 = Release|Any CPU
		{55BA9516-F928-4C1A-99D1-1B026DDBE4A7}.Debug|Any CPU.ActiveCfg = Debug|Any CPU
		{55BA9516-F928-4C1A-99D1-1B026DDBE4A7}.Debug|Any CPU.Build.0 = Debug|Any CPU
		{55BA9516-F928-4C1A-99D1-1B026DDBE4A7}.Release|Any CPU.ActiveCfg = Release|Any CPU
		{55BA9516-F928-4C1A-99D1-1B026DDBE4A7}.Release|Any CPU.Build.0 = Release|Any CPU
		{C935B83B-E237-444B-A1BC-536B0FB7958E}.Debug|Any CPU.ActiveCfg = Debug|Any CPU
		{C935B83B-E237-444B-A1BC-536B0FB7958E}.Debug|Any CPU.Build.0 = Debug|Any CPU
		{C935B83B-E237-444B-A1BC-536B0FB7958E}.Release|Any CPU.ActiveCfg = Release|Any CPU
		{C935B83B-E237-444B-A1BC-536B0FB7958E}.Release|Any CPU.Build.0 = Release|Any CPU
	EndGlobalSection
	GlobalSection(SolutionProperties) = preSolution
		HideSolutionNode = FALSE
	EndGlobalSection
	GlobalSection(ExtensibilityGlobals) = postSolution
		SolutionGuid = {8782A6B7-92EC-4F03-90A9-AEF50C5FDDF3}
	EndGlobalSection
EndGlobal
